
Microsoft Visual Studio Solution File, Format Version 12.00
# Visual Studio Version 17
VisualStudioVersion = 17.8.34322.80
MinimumVisualStudioVersion = 15.0.26124.0
Project("{9A19103F-16F7-4668-BE54-9A1E7A4F7556}") = "DFC.App.Pages", "DFC.App.Pages\DFC.App.Pages.csproj", "{14916DDA-9FE8-47C2-96D0-D4273ED2965D}"
EndProject
Project("{9A19103F-16F7-4668-BE54-9A1E7A4F7556}") = "DFC.App.Pages.UnitTests", "DFC.App.Pages.UnitTests\DFC.App.Pages.UnitTests.csproj", "{19B6C7A1-40C0-47EF-87F3-AEDE79EC4E0B}"
EndProject
Project("{2150E333-8FDC-42A3-9474-1A3956D46DE8}") = "_Solution Items", "_Solution Items", "{C5C7A790-CA53-4963-A48D-517F53A1AA16}"
	ProjectSection(SolutionItems) = preProject
		.gitattributes = .gitattributes
		.gitignore = .gitignore
		CODEOWNERS = CODEOWNERS
		DFC.Digital.CodeAnalysis.ruleset = DFC.Digital.CodeAnalysis.ruleset
		LICENSE = LICENSE
		README.md = README.md
		Resources\PageRegistration\registration.json = Resources\PageRegistration\registration.json
		stylecop.json = stylecop.json
		UnitTests.CodeAnalysis.ruleset = UnitTests.CodeAnalysis.ruleset
	EndProjectSection
EndProject
Project("{2150E333-8FDC-42A3-9474-1A3956D46DE8}") = "Data", "Data", "{8F9C8E03-6CBE-4F0E-A34E-0124B0A8D081}"
EndProject
Project("{2150E333-8FDC-42A3-9474-1A3956D46DE8}") = "Services", "Services", "{EDB719BE-8E14-4D4F-B47C-DD101EC999AF}"
EndProject
Project("{2150E333-8FDC-42A3-9474-1A3956D46DE8}") = "Tests", "Tests", "{4CF824C2-A744-42A3-A1D1-C37A22D943F9}"
EndProject
Project("{9A19103F-16F7-4668-BE54-9A1E7A4F7556}") = "DFC.App.Pages.Data", "DFC.App.Pages.Data\DFC.App.Pages.Data.csproj", "{369A2073-9FA9-4878-9914-39D9C18D8BF6}"
EndProject
Project("{9A19103F-16F7-4668-BE54-9A1E7A4F7556}") = "DFC.App.Pages.Services.CacheContentService", "DFC.App.Pages.Services.CacheContentService\DFC.App.Pages.Services.CacheContentService.csproj", "{8AA2B724-3FAC-4A6F-AB5F-8207C2D0D30F}"
EndProject
Project("{9A19103F-16F7-4668-BE54-9A1E7A4F7556}") = "DFC.App.Pages.Services.EventProcessorService", "DFC.App.Pages.Services.EventProcessorService\DFC.App.Pages.Services.EventProcessorService.csproj", "{BFDFF2A1-867F-494D-8F18-D2B38C320FF4}"
EndProject
Project("{2150E333-8FDC-42A3-9474-1A3956D46DE8}") = "IntegrationTests", "IntegrationTests", "{08904B60-88C8-464A-8D3A-6E90BA709DBB}"
EndProject
Project("{2150E333-8FDC-42A3-9474-1A3956D46DE8}") = "Web", "Web", "{92C93EE5-120F-4DF0-A987-7C3FA88F6BBC}"
EndProject
Project("{9A19103F-16F7-4668-BE54-9A1E7A4F7556}") = "DFC.App.Pages.IntegrationTests", "DFC.App.Pages.IntegrationTests\DFC.App.Pages.IntegrationTests.csproj", "{0FF01ED1-3044-4333-8B24-0BB1F944B9F4}"
EndProject
Project("{2150E333-8FDC-42A3-9474-1A3956D46DE8}") = "Unit", "Unit", "{8F329807-3380-4EC9-92B2-BE198CEE991C}"
EndProject
Project("{2150E333-8FDC-42A3-9474-1A3956D46DE8}") = "Data", "Data", "{16C60A3C-D6AE-4C85-B471-712BB368848D}"
EndProject
Project("{2150E333-8FDC-42A3-9474-1A3956D46DE8}") = "Services", "Services", "{9D99DACA-AC48-4F50-AF8A-B50CC401D765}"
EndProject
Project("{2150E333-8FDC-42A3-9474-1A3956D46DE8}") = "Web", "Web", "{072284B5-37F5-40D7-BC6F-6130DDFB0B0C}"
EndProject
Project("{9A19103F-16F7-4668-BE54-9A1E7A4F7556}") = "DFC.App.Pages.Data.UnitTests", "DFC.App.Pages.Data.UnitTests\DFC.App.Pages.Data.UnitTests.csproj", "{897234F4-769A-4865-B2B3-3F308015C3E8}"
EndProject
Project("{9A19103F-16F7-4668-BE54-9A1E7A4F7556}") = "DFC.App.Pages.Services.CacheContentService.UnitTests", "DFC.App.Pages.Services.CacheContentService.UnitTests\DFC.App.Pages.Services.CacheContentService.UnitTests.csproj", "{8A6DA8A9-9307-4C3E-9DE9-2E9AE723F0AA}"
EndProject
Project("{9A19103F-16F7-4668-BE54-9A1E7A4F7556}") = "DFC.App.Pages.Services.EventProcessorService.UnitTests", "DFC.App.Pages.Services.EventProcessorService.UnitTests\DFC.App.Pages.Services.EventProcessorService.UnitTests.csproj", "{C7E4A907-7B1F-4F14-8FA0-7C5B58588AF5}"
EndProject
Project("{9A19103F-16F7-4668-BE54-9A1E7A4F7556}") = "DFC.App.Pages.Services.AppRegistryService", "DFC.App.Pages.Services.AppRegistryService\DFC.App.Pages.Services.AppRegistryService.csproj", "{1A5141FF-DB43-490A-8DA9-45963993F1AE}"
EndProject
Project("{9A19103F-16F7-4668-BE54-9A1E7A4F7556}") = "DFC.App.Pages.Services.AppRegistryService.UnitTests", "DFC.App.Pages.Services.AppRegistryService.UnitTests\DFC.App.Pages.Services.AppRegistryService.UnitTests.csproj", "{6444A5AC-A7C2-41E4-A828-CBC8D31750CF}"
EndProject
Project("{2150E333-8FDC-42A3-9474-1A3956D46DE8}") = "FunctionalTests", "FunctionalTests", "{CB145331-44B3-460B-BAEF-12BD9C0BD1C3}"
EndProject
Project("{2150E333-8FDC-42A3-9474-1A3956D46DE8}") = "UI", "UI", "{1EC55419-4C8D-4818-A922-692522CCDCC7}"
EndProject
Project("{9A19103F-16F7-4668-BE54-9A1E7A4F7556}") = "DFC.App.Pages.UI.FunctionalTests", "DFC.App.Pages.UI.FunctionalTests\DFC.App.Pages.UI.FunctionalTests.csproj", "{6926461B-0774-4F94-AB0F-9100DD738DA3}"
EndProject
Project("{2150E333-8FDC-42A3-9474-1A3956D46DE8}") = "Solution Items", "Solution Items", "{95D521E4-19DE-40E4-A458-D501CE0B5549}"
	ProjectSection(SolutionItems) = preProject
		.editorconfig = .editorconfig
	EndProjectSection
EndProject
Global
	GlobalSection(SolutionConfigurationPlatforms) = preSolution
		Debug|Any CPU = Debug|Any CPU
		Debug|x64 = Debug|x64
		Debug|x86 = Debug|x86
		Release|Any CPU = Release|Any CPU
		Release|x64 = Release|x64
		Release|x86 = Release|x86
	EndGlobalSection
	GlobalSection(ProjectConfigurationPlatforms) = postSolution
		{14916DDA-9FE8-47C2-96D0-D4273ED2965D}.Debug|Any CPU.ActiveCfg = Debug|Any CPU
		{14916DDA-9FE8-47C2-96D0-D4273ED2965D}.Debug|Any CPU.Build.0 = Debug|Any CPU
		{14916DDA-9FE8-47C2-96D0-D4273ED2965D}.Debug|x64.ActiveCfg = Debug|Any CPU
		{14916DDA-9FE8-47C2-96D0-D4273ED2965D}.Debug|x64.Build.0 = Debug|Any CPU
		{14916DDA-9FE8-47C2-96D0-D4273ED2965D}.Debug|x86.ActiveCfg = Debug|Any CPU
		{14916DDA-9FE8-47C2-96D0-D4273ED2965D}.Debug|x86.Build.0 = Debug|Any CPU
		{14916DDA-9FE8-47C2-96D0-D4273ED2965D}.Release|Any CPU.ActiveCfg = Release|Any CPU
		{14916DDA-9FE8-47C2-96D0-D4273ED2965D}.Release|Any CPU.Build.0 = Release|Any CPU
		{14916DDA-9FE8-47C2-96D0-D4273ED2965D}.Release|x64.ActiveCfg = Release|Any CPU
		{14916DDA-9FE8-47C2-96D0-D4273ED2965D}.Release|x64.Build.0 = Release|Any CPU
		{14916DDA-9FE8-47C2-96D0-D4273ED2965D}.Release|x86.ActiveCfg = Release|Any CPU
		{14916DDA-9FE8-47C2-96D0-D4273ED2965D}.Release|x86.Build.0 = Release|Any CPU
		{19B6C7A1-40C0-47EF-87F3-AEDE79EC4E0B}.Debug|Any CPU.ActiveCfg = Debug|Any CPU
		{19B6C7A1-40C0-47EF-87F3-AEDE79EC4E0B}.Debug|Any CPU.Build.0 = Debug|Any CPU
		{19B6C7A1-40C0-47EF-87F3-AEDE79EC4E0B}.Debug|x64.ActiveCfg = Debug|Any CPU
		{19B6C7A1-40C0-47EF-87F3-AEDE79EC4E0B}.Debug|x64.Build.0 = Debug|Any CPU
		{19B6C7A1-40C0-47EF-87F3-AEDE79EC4E0B}.Debug|x86.ActiveCfg = Debug|Any CPU
		{19B6C7A1-40C0-47EF-87F3-AEDE79EC4E0B}.Debug|x86.Build.0 = Debug|Any CPU
		{19B6C7A1-40C0-47EF-87F3-AEDE79EC4E0B}.Release|Any CPU.ActiveCfg = Release|Any CPU
		{19B6C7A1-40C0-47EF-87F3-AEDE79EC4E0B}.Release|Any CPU.Build.0 = Release|Any CPU
		{19B6C7A1-40C0-47EF-87F3-AEDE79EC4E0B}.Release|x64.ActiveCfg = Release|Any CPU
		{19B6C7A1-40C0-47EF-87F3-AEDE79EC4E0B}.Release|x64.Build.0 = Release|Any CPU
		{19B6C7A1-40C0-47EF-87F3-AEDE79EC4E0B}.Release|x86.ActiveCfg = Release|Any CPU
		{19B6C7A1-40C0-47EF-87F3-AEDE79EC4E0B}.Release|x86.Build.0 = Release|Any CPU
		{369A2073-9FA9-4878-9914-39D9C18D8BF6}.Debug|Any CPU.ActiveCfg = Debug|Any CPU
		{369A2073-9FA9-4878-9914-39D9C18D8BF6}.Debug|Any CPU.Build.0 = Debug|Any CPU
		{369A2073-9FA9-4878-9914-39D9C18D8BF6}.Debug|x64.ActiveCfg = Debug|Any CPU
		{369A2073-9FA9-4878-9914-39D9C18D8BF6}.Debug|x64.Build.0 = Debug|Any CPU
		{369A2073-9FA9-4878-9914-39D9C18D8BF6}.Debug|x86.ActiveCfg = Debug|Any CPU
		{369A2073-9FA9-4878-9914-39D9C18D8BF6}.Debug|x86.Build.0 = Debug|Any CPU
		{369A2073-9FA9-4878-9914-39D9C18D8BF6}.Release|Any CPU.ActiveCfg = Release|Any CPU
		{369A2073-9FA9-4878-9914-39D9C18D8BF6}.Release|Any CPU.Build.0 = Release|Any CPU
		{369A2073-9FA9-4878-9914-39D9C18D8BF6}.Release|x64.ActiveCfg = Release|Any CPU
		{369A2073-9FA9-4878-9914-39D9C18D8BF6}.Release|x64.Build.0 = Release|Any CPU
		{369A2073-9FA9-4878-9914-39D9C18D8BF6}.Release|x86.ActiveCfg = Release|Any CPU
		{369A2073-9FA9-4878-9914-39D9C18D8BF6}.Release|x86.Build.0 = Release|Any CPU
		{8AA2B724-3FAC-4A6F-AB5F-8207C2D0D30F}.Debug|Any CPU.ActiveCfg = Debug|Any CPU
		{8AA2B724-3FAC-4A6F-AB5F-8207C2D0D30F}.Debug|Any CPU.Build.0 = Debug|Any CPU
		{8AA2B724-3FAC-4A6F-AB5F-8207C2D0D30F}.Debug|x64.ActiveCfg = Debug|Any CPU
		{8AA2B724-3FAC-4A6F-AB5F-8207C2D0D30F}.Debug|x64.Build.0 = Debug|Any CPU
		{8AA2B724-3FAC-4A6F-AB5F-8207C2D0D30F}.Debug|x86.ActiveCfg = Debug|Any CPU
		{8AA2B724-3FAC-4A6F-AB5F-8207C2D0D30F}.Debug|x86.Build.0 = Debug|Any CPU
		{8AA2B724-3FAC-4A6F-AB5F-8207C2D0D30F}.Release|Any CPU.ActiveCfg = Release|Any CPU
		{8AA2B724-3FAC-4A6F-AB5F-8207C2D0D30F}.Release|Any CPU.Build.0 = Release|Any CPU
		{8AA2B724-3FAC-4A6F-AB5F-8207C2D0D30F}.Release|x64.ActiveCfg = Release|Any CPU
		{8AA2B724-3FAC-4A6F-AB5F-8207C2D0D30F}.Release|x64.Build.0 = Release|Any CPU
		{8AA2B724-3FAC-4A6F-AB5F-8207C2D0D30F}.Release|x86.ActiveCfg = Release|Any CPU
		{8AA2B724-3FAC-4A6F-AB5F-8207C2D0D30F}.Release|x86.Build.0 = Release|Any CPU
		{BFDFF2A1-867F-494D-8F18-D2B38C320FF4}.Debug|Any CPU.ActiveCfg = Debug|Any CPU
		{BFDFF2A1-867F-494D-8F18-D2B38C320FF4}.Debug|Any CPU.Build.0 = Debug|Any CPU
		{BFDFF2A1-867F-494D-8F18-D2B38C320FF4}.Debug|x64.ActiveCfg = Debug|Any CPU
		{BFDFF2A1-867F-494D-8F18-D2B38C320FF4}.Debug|x64.Build.0 = Debug|Any CPU
		{BFDFF2A1-867F-494D-8F18-D2B38C320FF4}.Debug|x86.ActiveCfg = Debug|Any CPU
		{BFDFF2A1-867F-494D-8F18-D2B38C320FF4}.Debug|x86.Build.0 = Debug|Any CPU
		{BFDFF2A1-867F-494D-8F18-D2B38C320FF4}.Release|Any CPU.ActiveCfg = Release|Any CPU
		{BFDFF2A1-867F-494D-8F18-D2B38C320FF4}.Release|Any CPU.Build.0 = Release|Any CPU
		{BFDFF2A1-867F-494D-8F18-D2B38C320FF4}.Release|x64.ActiveCfg = Release|Any CPU
		{BFDFF2A1-867F-494D-8F18-D2B38C320FF4}.Release|x64.Build.0 = Release|Any CPU
		{BFDFF2A1-867F-494D-8F18-D2B38C320FF4}.Release|x86.ActiveCfg = Release|Any CPU
		{BFDFF2A1-867F-494D-8F18-D2B38C320FF4}.Release|x86.Build.0 = Release|Any CPU
		{0FF01ED1-3044-4333-8B24-0BB1F944B9F4}.Debug|Any CPU.ActiveCfg = Debug|Any CPU
		{0FF01ED1-3044-4333-8B24-0BB1F944B9F4}.Debug|Any CPU.Build.0 = Debug|Any CPU
		{0FF01ED1-3044-4333-8B24-0BB1F944B9F4}.Debug|x64.ActiveCfg = Debug|Any CPU
		{0FF01ED1-3044-4333-8B24-0BB1F944B9F4}.Debug|x64.Build.0 = Debug|Any CPU
		{0FF01ED1-3044-4333-8B24-0BB1F944B9F4}.Debug|x86.ActiveCfg = Debug|Any CPU
		{0FF01ED1-3044-4333-8B24-0BB1F944B9F4}.Debug|x86.Build.0 = Debug|Any CPU
		{0FF01ED1-3044-4333-8B24-0BB1F944B9F4}.Release|Any CPU.ActiveCfg = Release|Any CPU
		{0FF01ED1-3044-4333-8B24-0BB1F944B9F4}.Release|Any CPU.Build.0 = Release|Any CPU
		{0FF01ED1-3044-4333-8B24-0BB1F944B9F4}.Release|x64.ActiveCfg = Release|Any CPU
		{0FF01ED1-3044-4333-8B24-0BB1F944B9F4}.Release|x64.Build.0 = Release|Any CPU
		{0FF01ED1-3044-4333-8B24-0BB1F944B9F4}.Release|x86.ActiveCfg = Release|Any CPU
		{0FF01ED1-3044-4333-8B24-0BB1F944B9F4}.Release|x86.Build.0 = Release|Any CPU
		{897234F4-769A-4865-B2B3-3F308015C3E8}.Debug|Any CPU.ActiveCfg = Debug|Any CPU
		{897234F4-769A-4865-B2B3-3F308015C3E8}.Debug|Any CPU.Build.0 = Debug|Any CPU
		{897234F4-769A-4865-B2B3-3F308015C3E8}.Debug|x64.ActiveCfg = Debug|Any CPU
		{897234F4-769A-4865-B2B3-3F308015C3E8}.Debug|x64.Build.0 = Debug|Any CPU
		{897234F4-769A-4865-B2B3-3F308015C3E8}.Debug|x86.ActiveCfg = Debug|Any CPU
		{897234F4-769A-4865-B2B3-3F308015C3E8}.Debug|x86.Build.0 = Debug|Any CPU
		{897234F4-769A-4865-B2B3-3F308015C3E8}.Release|Any CPU.ActiveCfg = Release|Any CPU
		{897234F4-769A-4865-B2B3-3F308015C3E8}.Release|Any CPU.Build.0 = Release|Any CPU
		{897234F4-769A-4865-B2B3-3F308015C3E8}.Release|x64.ActiveCfg = Release|Any CPU
		{897234F4-769A-4865-B2B3-3F308015C3E8}.Release|x64.Build.0 = Release|Any CPU
		{897234F4-769A-4865-B2B3-3F308015C3E8}.Release|x86.ActiveCfg = Release|Any CPU
		{897234F4-769A-4865-B2B3-3F308015C3E8}.Release|x86.Build.0 = Release|Any CPU
		{8A6DA8A9-9307-4C3E-9DE9-2E9AE723F0AA}.Debug|Any CPU.ActiveCfg = Debug|Any CPU
		{8A6DA8A9-9307-4C3E-9DE9-2E9AE723F0AA}.Debug|Any CPU.Build.0 = Debug|Any CPU
		{8A6DA8A9-9307-4C3E-9DE9-2E9AE723F0AA}.Debug|x64.ActiveCfg = Debug|Any CPU
		{8A6DA8A9-9307-4C3E-9DE9-2E9AE723F0AA}.Debug|x64.Build.0 = Debug|Any CPU
		{8A6DA8A9-9307-4C3E-9DE9-2E9AE723F0AA}.Debug|x86.ActiveCfg = Debug|Any CPU
		{8A6DA8A9-9307-4C3E-9DE9-2E9AE723F0AA}.Debug|x86.Build.0 = Debug|Any CPU
		{8A6DA8A9-9307-4C3E-9DE9-2E9AE723F0AA}.Release|Any CPU.ActiveCfg = Release|Any CPU
		{8A6DA8A9-9307-4C3E-9DE9-2E9AE723F0AA}.Release|Any CPU.Build.0 = Release|Any CPU
		{8A6DA8A9-9307-4C3E-9DE9-2E9AE723F0AA}.Release|x64.ActiveCfg = Release|Any CPU
		{8A6DA8A9-9307-4C3E-9DE9-2E9AE723F0AA}.Release|x64.Build.0 = Release|Any CPU
		{8A6DA8A9-9307-4C3E-9DE9-2E9AE723F0AA}.Release|x86.ActiveCfg = Release|Any CPU
		{8A6DA8A9-9307-4C3E-9DE9-2E9AE723F0AA}.Release|x86.Build.0 = Release|Any CPU
		{C7E4A907-7B1F-4F14-8FA0-7C5B58588AF5}.Debug|Any CPU.ActiveCfg = Debug|Any CPU
		{C7E4A907-7B1F-4F14-8FA0-7C5B58588AF5}.Debug|Any CPU.Build.0 = Debug|Any CPU
		{C7E4A907-7B1F-4F14-8FA0-7C5B58588AF5}.Debug|x64.ActiveCfg = Debug|Any CPU
		{C7E4A907-7B1F-4F14-8FA0-7C5B58588AF5}.Debug|x64.Build.0 = Debug|Any CPU
		{C7E4A907-7B1F-4F14-8FA0-7C5B58588AF5}.Debug|x86.ActiveCfg = Debug|Any CPU
		{C7E4A907-7B1F-4F14-8FA0-7C5B58588AF5}.Debug|x86.Build.0 = Debug|Any CPU
		{C7E4A907-7B1F-4F14-8FA0-7C5B58588AF5}.Release|Any CPU.ActiveCfg = Release|Any CPU
		{C7E4A907-7B1F-4F14-8FA0-7C5B58588AF5}.Release|Any CPU.Build.0 = Release|Any CPU
		{C7E4A907-7B1F-4F14-8FA0-7C5B58588AF5}.Release|x64.ActiveCfg = Release|Any CPU
		{C7E4A907-7B1F-4F14-8FA0-7C5B58588AF5}.Release|x64.Build.0 = Release|Any CPU
		{C7E4A907-7B1F-4F14-8FA0-7C5B58588AF5}.Release|x86.ActiveCfg = Release|Any CPU
		{C7E4A907-7B1F-4F14-8FA0-7C5B58588AF5}.Release|x86.Build.0 = Release|Any CPU
		{1A5141FF-DB43-490A-8DA9-45963993F1AE}.Debug|Any CPU.ActiveCfg = Debug|Any CPU
		{1A5141FF-DB43-490A-8DA9-45963993F1AE}.Debug|Any CPU.Build.0 = Debug|Any CPU
		{1A5141FF-DB43-490A-8DA9-45963993F1AE}.Debug|x64.ActiveCfg = Debug|Any CPU
		{1A5141FF-DB43-490A-8DA9-45963993F1AE}.Debug|x64.Build.0 = Debug|Any CPU
		{1A5141FF-DB43-490A-8DA9-45963993F1AE}.Debug|x86.ActiveCfg = Debug|Any CPU
		{1A5141FF-DB43-490A-8DA9-45963993F1AE}.Debug|x86.Build.0 = Debug|Any CPU
		{1A5141FF-DB43-490A-8DA9-45963993F1AE}.Release|Any CPU.ActiveCfg = Release|Any CPU
		{1A5141FF-DB43-490A-8DA9-45963993F1AE}.Release|Any CPU.Build.0 = Release|Any CPU
		{1A5141FF-DB43-490A-8DA9-45963993F1AE}.Release|x64.ActiveCfg = Release|Any CPU
		{1A5141FF-DB43-490A-8DA9-45963993F1AE}.Release|x64.Build.0 = Release|Any CPU
		{1A5141FF-DB43-490A-8DA9-45963993F1AE}.Release|x86.ActiveCfg = Release|Any CPU
		{1A5141FF-DB43-490A-8DA9-45963993F1AE}.Release|x86.Build.0 = Release|Any CPU
		{6444A5AC-A7C2-41E4-A828-CBC8D31750CF}.Debug|Any CPU.ActiveCfg = Debug|Any CPU
		{6444A5AC-A7C2-41E4-A828-CBC8D31750CF}.Debug|Any CPU.Build.0 = Debug|Any CPU
		{6444A5AC-A7C2-41E4-A828-CBC8D31750CF}.Debug|x64.ActiveCfg = Debug|Any CPU
		{6444A5AC-A7C2-41E4-A828-CBC8D31750CF}.Debug|x64.Build.0 = Debug|Any CPU
		{6444A5AC-A7C2-41E4-A828-CBC8D31750CF}.Debug|x86.ActiveCfg = Debug|Any CPU
		{6444A5AC-A7C2-41E4-A828-CBC8D31750CF}.Debug|x86.Build.0 = Debug|Any CPU
		{6444A5AC-A7C2-41E4-A828-CBC8D31750CF}.Release|Any CPU.ActiveCfg = Release|Any CPU
		{6444A5AC-A7C2-41E4-A828-CBC8D31750CF}.Release|Any CPU.Build.0 = Release|Any CPU
		{6444A5AC-A7C2-41E4-A828-CBC8D31750CF}.Release|x64.ActiveCfg = Release|Any CPU
		{6444A5AC-A7C2-41E4-A828-CBC8D31750CF}.Release|x64.Build.0 = Release|Any CPU
		{6444A5AC-A7C2-41E4-A828-CBC8D31750CF}.Release|x86.ActiveCfg = Release|Any CPU
		{6444A5AC-A7C2-41E4-A828-CBC8D31750CF}.Release|x86.Build.0 = Release|Any CPU
		{6926461B-0774-4F94-AB0F-9100DD738DA3}.Debug|Any CPU.ActiveCfg = Debug|Any CPU
		{6926461B-0774-4F94-AB0F-9100DD738DA3}.Debug|Any CPU.Build.0 = Debug|Any CPU
		{6926461B-0774-4F94-AB0F-9100DD738DA3}.Debug|x64.ActiveCfg = Debug|Any CPU
		{6926461B-0774-4F94-AB0F-9100DD738DA3}.Debug|x64.Build.0 = Debug|Any CPU
		{6926461B-0774-4F94-AB0F-9100DD738DA3}.Debug|x86.ActiveCfg = Debug|Any CPU
		{6926461B-0774-4F94-AB0F-9100DD738DA3}.Debug|x86.Build.0 = Debug|Any CPU
		{6926461B-0774-4F94-AB0F-9100DD738DA3}.Release|Any CPU.ActiveCfg = Release|Any CPU
		{6926461B-0774-4F94-AB0F-9100DD738DA3}.Release|Any CPU.Build.0 = Release|Any CPU
		{6926461B-0774-4F94-AB0F-9100DD738DA3}.Release|x64.ActiveCfg = Release|Any CPU
		{6926461B-0774-4F94-AB0F-9100DD738DA3}.Release|x64.Build.0 = Release|Any CPU
		{6926461B-0774-4F94-AB0F-9100DD738DA3}.Release|x86.ActiveCfg = Release|Any CPU
		{6926461B-0774-4F94-AB0F-9100DD738DA3}.Release|x86.Build.0 = Release|Any CPU
	EndGlobalSection
	GlobalSection(SolutionProperties) = preSolution
		HideSolutionNode = FALSE
	EndGlobalSection
	GlobalSection(NestedProjects) = preSolution
		{19B6C7A1-40C0-47EF-87F3-AEDE79EC4E0B} = {072284B5-37F5-40D7-BC6F-6130DDFB0B0C}
		{369A2073-9FA9-4878-9914-39D9C18D8BF6} = {8F9C8E03-6CBE-4F0E-A34E-0124B0A8D081}
		{8AA2B724-3FAC-4A6F-AB5F-8207C2D0D30F} = {EDB719BE-8E14-4D4F-B47C-DD101EC999AF}
		{BFDFF2A1-867F-494D-8F18-D2B38C320FF4} = {EDB719BE-8E14-4D4F-B47C-DD101EC999AF}
		{08904B60-88C8-464A-8D3A-6E90BA709DBB} = {4CF824C2-A744-42A3-A1D1-C37A22D943F9}
		{92C93EE5-120F-4DF0-A987-7C3FA88F6BBC} = {08904B60-88C8-464A-8D3A-6E90BA709DBB}
		{0FF01ED1-3044-4333-8B24-0BB1F944B9F4} = {92C93EE5-120F-4DF0-A987-7C3FA88F6BBC}
		{8F329807-3380-4EC9-92B2-BE198CEE991C} = {4CF824C2-A744-42A3-A1D1-C37A22D943F9}
		{16C60A3C-D6AE-4C85-B471-712BB368848D} = {8F329807-3380-4EC9-92B2-BE198CEE991C}
		{9D99DACA-AC48-4F50-AF8A-B50CC401D765} = {8F329807-3380-4EC9-92B2-BE198CEE991C}
		{072284B5-37F5-40D7-BC6F-6130DDFB0B0C} = {8F329807-3380-4EC9-92B2-BE198CEE991C}
		{897234F4-769A-4865-B2B3-3F308015C3E8} = {16C60A3C-D6AE-4C85-B471-712BB368848D}
		{8A6DA8A9-9307-4C3E-9DE9-2E9AE723F0AA} = {9D99DACA-AC48-4F50-AF8A-B50CC401D765}
		{C7E4A907-7B1F-4F14-8FA0-7C5B58588AF5} = {9D99DACA-AC48-4F50-AF8A-B50CC401D765}
		{1A5141FF-DB43-490A-8DA9-45963993F1AE} = {EDB719BE-8E14-4D4F-B47C-DD101EC999AF}
		{6444A5AC-A7C2-41E4-A828-CBC8D31750CF} = {9D99DACA-AC48-4F50-AF8A-B50CC401D765}
		{CB145331-44B3-460B-BAEF-12BD9C0BD1C3} = {4CF824C2-A744-42A3-A1D1-C37A22D943F9}
		{1EC55419-4C8D-4818-A922-692522CCDCC7} = {CB145331-44B3-460B-BAEF-12BD9C0BD1C3}
		{6926461B-0774-4F94-AB0F-9100DD738DA3} = {1EC55419-4C8D-4818-A922-692522CCDCC7}
	EndGlobalSection
	GlobalSection(ExtensibilityGlobals) = postSolution
		SolutionGuid = {235A2F67-4C25-47B0-99D9-0D53153FC7A1}
	EndGlobalSection
EndGlobal
