
Microsoft Visual Studio Solution File, Format Version 12.00
# Visual Studio 15
VisualStudioVersion = 15.0.26124.0
MinimumVisualStudioVersion = 15.0.26124.0
Project("{FAE04EC0-301F-11D3-BF4B-00C04F79EFBC}") = "DFC.App.Pages", "DFC.App.Pages\DFC.App.Pages.csproj", "{14916DDA-9FE8-47C2-96D0-D4273ED2965D}"
EndProject
Project("{FAE04EC0-301F-11D3-BF4B-00C04F79EFBC}") = "DFC.App.Pages.UnitTests", "DFC.App.Pages.UnitTests\DFC.App.Pages.UnitTests.csproj", "{19B6C7A1-40C0-47EF-87F3-AEDE79EC4E0B}"
EndProject
Global
	GlobalSection(SolutionConfigurationPlatforms) = preSolution
		Debug|Any CPU = Debug|Any CPU
		Debug|x64 = Debug|x64
		Debug|x86 = Debug|x86
		Release|Any CPU = Release|Any CPU
		Release|x64 = Release|x64
		Release|x86 = Release|x86
	EndGlobalSection
	GlobalSection(SolutionProperties) = preSolution
		HideSolutionNode = FALSE
	EndGlobalSection
	GlobalSection(ProjectConfigurationPlatforms) = postSolution
		{14916DDA-9FE8-47C2-96D0-D4273ED2965D}.Debug|Any CPU.ActiveCfg = Debug|Any CPU
		{14916DDA-9FE8-47C2-96D0-D4273ED2965D}.Debug|Any CPU.Build.0 = Debug|Any CPU
		{14916DDA-9FE8-47C2-96D0-D4273ED2965D}.Debug|x64.ActiveCfg = Debug|Any CPU
		{14916DDA-9FE8-47C2-96D0-D4273ED2965D}.Debug|x64.Build.0 = Debug|Any CPU
		{14916DDA-9FE8-47C2-96D0-D4273ED2965D}.Debug|x86.ActiveCfg = Debug|Any CPU
		{14916DDA-9FE8-47C2-96D0-D4273ED2965D}.Debug|x86.Build.0 = Debug|Any CPU
		{14916DDA-9FE8-47C2-96D0-D4273ED2965D}.Release|Any CPU.ActiveCfg = Release|Any CPU
		{14916DDA-9FE8-47C2-96D0-D4273ED2965D}.Release|Any CPU.Build.0 = Release|Any CPU
		{14916DDA-9FE8-47C2-96D0-D4273ED2965D}.Release|x64.ActiveCfg = Release|Any CPU
		{14916DDA-9FE8-47C2-96D0-D4273ED2965D}.Release|x64.Build.0 = Release|Any CPU
		{14916DDA-9FE8-47C2-96D0-D4273ED2965D}.Release|x86.ActiveCfg = Release|Any CPU
		{14916DDA-9FE8-47C2-96D0-D4273ED2965D}.Release|x86.Build.0 = Release|Any CPU
		{19B6C7A1-40C0-47EF-87F3-AEDE79EC4E0B}.Debug|Any CPU.ActiveCfg = Debug|Any CPU
		{19B6C7A1-40C0-47EF-87F3-AEDE79EC4E0B}.Debug|Any CPU.Build.0 = Debug|Any CPU
		{19B6C7A1-40C0-47EF-87F3-AEDE79EC4E0B}.Debug|x64.ActiveCfg = Debug|Any CPU
		{19B6C7A1-40C0-47EF-87F3-AEDE79EC4E0B}.Debug|x64.Build.0 = Debug|Any CPU
		{19B6C7A1-40C0-47EF-87F3-AEDE79EC4E0B}.Debug|x86.ActiveCfg = Debug|Any CPU
		{19B6C7A1-40C0-47EF-87F3-AEDE79EC4E0B}.Debug|x86.Build.0 = Debug|Any CPU
		{19B6C7A1-40C0-47EF-87F3-AEDE79EC4E0B}.Release|Any CPU.ActiveCfg = Release|Any CPU
		{19B6C7A1-40C0-47EF-87F3-AEDE79EC4E0B}.Release|Any CPU.Build.0 = Release|Any CPU
		{19B6C7A1-40C0-47EF-87F3-AEDE79EC4E0B}.Release|x64.ActiveCfg = Release|Any CPU
		{19B6C7A1-40C0-47EF-87F3-AEDE79EC4E0B}.Release|x64.Build.0 = Release|Any CPU
		{19B6C7A1-40C0-47EF-87F3-AEDE79EC4E0B}.Release|x86.ActiveCfg = Release|Any CPU
		{19B6C7A1-40C0-47EF-87F3-AEDE79EC4E0B}.Release|x86.Build.0 = Release|Any CPU
	EndGlobalSection
EndGlobal
